
Microsoft Visual Studio Solution File, Format Version 12.00
# Visual Studio Version 18
VisualStudioVersion = 18.3.11520.95 d18.3
MinimumVisualStudioVersion = 10.0.40219.1
Project("{2150E333-8FDC-42A3-9474-1A3956D46DE8}") = "Api", "Api", "{DAD03CFC-D5FA-AC94-41C7-9ABAB326F09E}"
EndProject
Project("{FAE04EC0-301F-11D3-BF4B-00C04F79EFBC}") = "RajFinancial.Api", "Api\RajFinancial.Api.csproj", "{D3054244-B6AD-4B61-B34E-EF94640CBC39}"
EndProject
Project("{2150E333-8FDC-42A3-9474-1A3956D46DE8}") = "Shared", "Shared", "{4F52FD11-658E-A102-6CD3-7D7C16FFA15B}"
EndProject
Project("{FAE04EC0-301F-11D3-BF4B-00C04F79EFBC}") = "RajFinancial.Shared", "Shared\RajFinancial.Shared.csproj", "{50916044-1532-4305-BE28-51A246C412CE}"
EndProject
Project("{FAE04EC0-301F-11D3-BF4B-00C04F79EFBC}") = "RajFinancial.Api.Tests", "..\tests\Api.Tests\RajFinancial.Api.Tests.csproj", "{BB0DDC28-960F-4C96-8993-672E491D9B82}"
EndProject
Project("{FAE04EC0-301F-11D3-BF4B-00C04F79EFBC}") = "RajFinancial.IntegrationTests", "..\tests\IntegrationTests\RajFinancial.IntegrationTests.csproj", "{BC625EC5-CA4C-4E51-A271-6BCBBE4F6055}"
EndProject
Global
	GlobalSection(SolutionConfigurationPlatforms) = preSolution
		Debug|Any CPU = Debug|Any CPU
		Debug|x64 = Debug|x64
		Debug|x86 = Debug|x86
		Release|Any CPU = Release|Any CPU
		Release|x64 = Release|x64
		Release|x86 = Release|x86
	EndGlobalSection
	GlobalSection(ProjectConfigurationPlatforms) = postSolution
		{D3054244-B6AD-4B61-B34E-EF94640CBC39}.Debug|Any CPU.ActiveCfg = Debug|Any CPU
		{D3054244-B6AD-4B61-B34E-EF94640CBC39}.Debug|Any CPU.Build.0 = Debug|Any CPU
		{D3054244-B6AD-4B61-B34E-EF94640CBC39}.Debug|x64.ActiveCfg = Debug|Any CPU
		{D3054244-B6AD-4B61-B34E-EF94640CBC39}.Debug|x64.Build.0 = Debug|Any CPU
		{D3054244-B6AD-4B61-B34E-EF94640CBC39}.Debug|x86.ActiveCfg = Debug|Any CPU
		{D3054244-B6AD-4B61-B34E-EF94640CBC39}.Debug|x86.Build.0 = Debug|Any CPU
		{D3054244-B6AD-4B61-B34E-EF94640CBC39}.Release|Any CPU.ActiveCfg = Release|Any CPU
		{D3054244-B6AD-4B61-B34E-EF94640CBC39}.Release|Any CPU.Build.0 = Release|Any CPU
		{D3054244-B6AD-4B61-B34E-EF94640CBC39}.Release|x64.ActiveCfg = Release|Any CPU
		{D3054244-B6AD-4B61-B34E-EF94640CBC39}.Release|x64.Build.0 = Release|Any CPU
		{D3054244-B6AD-4B61-B34E-EF94640CBC39}.Release|x86.ActiveCfg = Release|Any CPU
		{D3054244-B6AD-4B61-B34E-EF94640CBC39}.Release|x86.Build.0 = Release|Any CPU
		{50916044-1532-4305-BE28-51A246C412CE}.Debug|Any CPU.ActiveCfg = Debug|Any CPU
		{50916044-1532-4305-BE28-51A246C412CE}.Debug|Any CPU.Build.0 = Debug|Any CPU
		{50916044-1532-4305-BE28-51A246C412CE}.Debug|x64.ActiveCfg = Debug|Any CPU
		{50916044-1532-4305-BE28-51A246C412CE}.Debug|x64.Build.0 = Debug|Any CPU
		{50916044-1532-4305-BE28-51A246C412CE}.Debug|x86.ActiveCfg = Debug|Any CPU
		{50916044-1532-4305-BE28-51A246C412CE}.Debug|x86.Build.0 = Debug|Any CPU
		{50916044-1532-4305-BE28-51A246C412CE}.Release|Any CPU.ActiveCfg = Release|Any CPU
		{50916044-1532-4305-BE28-51A246C412CE}.Release|Any CPU.Build.0 = Release|Any CPU
		{50916044-1532-4305-BE28-51A246C412CE}.Release|x64.ActiveCfg = Release|Any CPU
		{50916044-1532-4305-BE28-51A246C412CE}.Release|x64.Build.0 = Release|Any CPU
		{50916044-1532-4305-BE28-51A246C412CE}.Release|x86.ActiveCfg = Release|Any CPU
		{50916044-1532-4305-BE28-51A246C412CE}.Release|x86.Build.0 = Release|Any CPU
		{BB0DDC28-960F-4C96-8993-672E491D9B82}.Debug|Any CPU.ActiveCfg = Debug|Any CPU
		{BB0DDC28-960F-4C96-8993-672E491D9B82}.Debug|Any CPU.Build.0 = Debug|Any CPU
		{BB0DDC28-960F-4C96-8993-672E491D9B82}.Debug|x64.ActiveCfg = Debug|Any CPU
		{BB0DDC28-960F-4C96-8993-672E491D9B82}.Debug|x64.Build.0 = Debug|Any CPU
		{BB0DDC28-960F-4C96-8993-672E491D9B82}.Debug|x86.ActiveCfg = Debug|Any CPU
		{BB0DDC28-960F-4C96-8993-672E491D9B82}.Debug|x86.Build.0 = Debug|Any CPU
		{BB0DDC28-960F-4C96-8993-672E491D9B82}.Release|Any CPU.ActiveCfg = Release|Any CPU
		{BB0DDC28-960F-4C96-8993-672E491D9B82}.Release|Any CPU.Build.0 = Release|Any CPU
		{BB0DDC28-960F-4C96-8993-672E491D9B82}.Release|x64.ActiveCfg = Release|Any CPU
		{BB0DDC28-960F-4C96-8993-672E491D9B82}.Release|x64.Build.0 = Release|Any CPU
		{BB0DDC28-960F-4C96-8993-672E491D9B82}.Release|x86.ActiveCfg = Release|Any CPU
		{BB0DDC28-960F-4C96-8993-672E491D9B82}.Release|x86.Build.0 = Release|Any CPU
		{BC625EC5-CA4C-4E51-A271-6BCBBE4F6055}.Debug|Any CPU.ActiveCfg = Debug|Any CPU
		{BC625EC5-CA4C-4E51-A271-6BCBBE4F6055}.Debug|Any CPU.Build.0 = Debug|Any CPU
		{BC625EC5-CA4C-4E51-A271-6BCBBE4F6055}.Debug|x64.ActiveCfg = Debug|Any CPU
		{BC625EC5-CA4C-4E51-A271-6BCBBE4F6055}.Debug|x64.Build.0 = Debug|Any CPU
		{BC625EC5-CA4C-4E51-A271-6BCBBE4F6055}.Debug|x86.ActiveCfg = Debug|Any CPU
		{BC625EC5-CA4C-4E51-A271-6BCBBE4F6055}.Debug|x86.Build.0 = Debug|Any CPU
		{BC625EC5-CA4C-4E51-A271-6BCBBE4F6055}.Release|Any CPU.ActiveCfg = Release|Any CPU
		{BC625EC5-CA4C-4E51-A271-6BCBBE4F6055}.Release|Any CPU.Build.0 = Release|Any CPU
		{BC625EC5-CA4C-4E51-A271-6BCBBE4F6055}.Release|x64.ActiveCfg = Release|Any CPU
		{BC625EC5-CA4C-4E51-A271-6BCBBE4F6055}.Release|x64.Build.0 = Release|Any CPU
		{BC625EC5-CA4C-4E51-A271-6BCBBE4F6055}.Release|x86.ActiveCfg = Release|Any CPU
		{BC625EC5-CA4C-4E51-A271-6BCBBE4F6055}.Release|x86.Build.0 = Release|Any CPU
	EndGlobalSection
	GlobalSection(SolutionProperties) = preSolution
		HideSolutionNode = FALSE
	EndGlobalSection
	GlobalSection(NestedProjects) = preSolution
		{D3054244-B6AD-4B61-B34E-EF94640CBC39} = {DAD03CFC-D5FA-AC94-41C7-9ABAB326F09E}
		{50916044-1532-4305-BE28-51A246C412CE} = {4F52FD11-658E-A102-6CD3-7D7C16FFA15B}
	EndGlobalSection
	GlobalSection(ExtensibilityGlobals) = postSolution
		SolutionGuid = {F70DA273-94B3-4661-BF7A-BD9DD6C47FEC}
	EndGlobalSection
EndGlobal
